
Microsoft Visual Studio Solution File, Format Version 12.00
# Visual Studio Version 17
VisualStudioVersion = 17.10.35013.160
MinimumVisualStudioVersion = 10.0.40219.1
Project("{9A19103F-16F7-4668-BE54-9A1E7A4F7556}") = "VN-master-detail", "VN-master-detail\VN-master-detail.csproj", "{1093F13C-54B1-4F87-B4E2-0258B1DE5B63}"
EndProject
Project("{2150E333-8FDC-42A3-9474-1A3956D46DE8}") = "Model", "Model", "{EA38A473-C5AC-4DEA-AF1F-CBF14FFF27EA}"
EndProject
Project("{2150E333-8FDC-42A3-9474-1A3956D46DE8}") = "DTO", "DTO", "{34F2C230-A854-4E2D-BA26-56C3184E9082}"
	ProjectSection(SolutionItems) = preProject
		LabelResultDTO.cs = LabelResultDTO.cs
	EndProjectSection
EndProject
Project("{9A19103F-16F7-4668-BE54-9A1E7A4F7556}") = "DTO", "DTO\DTO.csproj", "{F9B94050-75C6-4381-987A-391D2DB92C94}"
EndProject
Project("{9A19103F-16F7-4668-BE54-9A1E7A4F7556}") = "DTO.Extensions", "DTO.Extensions\DTO.Extensions.csproj", "{DACCE17D-C572-4973-969C-1A8F2B5D923A}"
EndProject
Project("{9A19103F-16F7-4668-BE54-9A1E7A4F7556}") = "Model", "Model\Model.csproj", "{390DBA64-0282-431B-999C-233FCD52D771}"
EndProject
Project("{2150E333-8FDC-42A3-9474-1A3956D46DE8}") = "UnitTest", "UnitTest", "{9197BCE0-7AF9-42ED-8CDC-FF34374322E6}"
EndProject
Project("{9A19103F-16F7-4668-BE54-9A1E7A4F7556}") = "DTO.Test", "DTO.Test\DTO.Test.csproj", "{023AEFC0-991B-4A45-89DB-BCDD9663D060}"
EndProject
Project("{2150E333-8FDC-42A3-9474-1A3956D46DE8}") = "DataRequestor", "DataRequestor", "{C2450D0C-B595-47F5-962E-D66FC7925000}"
EndProject
Project("{9A19103F-16F7-4668-BE54-9A1E7A4F7556}") = "Interfaces", "Interfaces\Interfaces.csproj", "{E5D02CD2-3809-4CBF-97BF-3B911A12FB46}"
EndProject
Project("{9A19103F-16F7-4668-BE54-9A1E7A4F7556}") = "Stub", "Stub\Stub.csproj", "{CE5C2E1B-0F18-4EEC-9943-3E8AD5C49839}"
EndProject
Project("{9A19103F-16F7-4668-BE54-9A1E7A4F7556}") = "APIRequestor", "APIRequestor\APIRequestor.csproj", "{80F2DF2B-8C71-4DF4-9663-C196C47F5817}"
EndProject
Project("{9A19103F-16F7-4668-BE54-9A1E7A4F7556}") = "Utils", "Utils\Utils.csproj", "{EFDC8345-8F82-40FD-A53C-692B45A4E830}"
EndProject
Project("{9A19103F-16F7-4668-BE54-9A1E7A4F7556}") = "TestConsole", "TestConsole\TestConsole.csproj", "{B0B5001D-3677-4640-87CD-8DC506B49179}"
EndProject
Project("{2150E333-8FDC-42A3-9474-1A3956D46DE8}") = "Shared", "Shared", "{47F2CEE7-1CD0-4E52-8646-E459A6EB204E}"
EndProject
Project("{FAE04EC0-301F-11D3-BF4B-00C04F79EFBC}") = "DataManagers", "DataManagers\DataManagers.csproj", "{82A8CCB2-72D1-4576-ADD4-90B2C4F18169}"
EndProject
Project("{FAE04EC0-301F-11D3-BF4B-00C04F79EFBC}") = "ViewModel", "ViewModel\ViewModel.csproj", "{5F866C78-0A99-4000-B719-34F0919092A3}"
EndProject
Project("{FAE04EC0-301F-11D3-BF4B-00C04F79EFBC}") = "NullInterfaces", "NullInterfaces\NullInterfaces.csproj", "{3839B3EE-F877-4A74-B3AC-9B57A37613FB}"
EndProject
Project("{FAE04EC0-301F-11D3-BF4B-00C04F79EFBC}") = "SharedExtensions", "SharedExtensions\SharedExtensions.csproj", "{8E7DF91E-7C88-400B-A03D-A2FFF2329DFA}"
EndProject
Global
	GlobalSection(SolutionConfigurationPlatforms) = preSolution
		Debug|Any CPU = Debug|Any CPU
		Release|Any CPU = Release|Any CPU
	EndGlobalSection
	GlobalSection(ProjectConfigurationPlatforms) = postSolution
		{1093F13C-54B1-4F87-B4E2-0258B1DE5B63}.Debug|Any CPU.ActiveCfg = Debug|Any CPU
		{1093F13C-54B1-4F87-B4E2-0258B1DE5B63}.Debug|Any CPU.Build.0 = Debug|Any CPU
		{1093F13C-54B1-4F87-B4E2-0258B1DE5B63}.Debug|Any CPU.Deploy.0 = Debug|Any CPU
		{1093F13C-54B1-4F87-B4E2-0258B1DE5B63}.Release|Any CPU.ActiveCfg = Release|Any CPU
		{1093F13C-54B1-4F87-B4E2-0258B1DE5B63}.Release|Any CPU.Build.0 = Release|Any CPU
		{1093F13C-54B1-4F87-B4E2-0258B1DE5B63}.Release|Any CPU.Deploy.0 = Release|Any CPU
		{F9B94050-75C6-4381-987A-391D2DB92C94}.Debug|Any CPU.ActiveCfg = Debug|Any CPU
		{F9B94050-75C6-4381-987A-391D2DB92C94}.Debug|Any CPU.Build.0 = Debug|Any CPU
		{F9B94050-75C6-4381-987A-391D2DB92C94}.Release|Any CPU.ActiveCfg = Release|Any CPU
		{F9B94050-75C6-4381-987A-391D2DB92C94}.Release|Any CPU.Build.0 = Release|Any CPU
		{DACCE17D-C572-4973-969C-1A8F2B5D923A}.Debug|Any CPU.ActiveCfg = Debug|Any CPU
		{DACCE17D-C572-4973-969C-1A8F2B5D923A}.Debug|Any CPU.Build.0 = Debug|Any CPU
		{DACCE17D-C572-4973-969C-1A8F2B5D923A}.Release|Any CPU.ActiveCfg = Release|Any CPU
		{DACCE17D-C572-4973-969C-1A8F2B5D923A}.Release|Any CPU.Build.0 = Release|Any CPU
		{390DBA64-0282-431B-999C-233FCD52D771}.Debug|Any CPU.ActiveCfg = Debug|Any CPU
		{390DBA64-0282-431B-999C-233FCD52D771}.Debug|Any CPU.Build.0 = Debug|Any CPU
		{390DBA64-0282-431B-999C-233FCD52D771}.Release|Any CPU.ActiveCfg = Release|Any CPU
		{390DBA64-0282-431B-999C-233FCD52D771}.Release|Any CPU.Build.0 = Release|Any CPU
		{023AEFC0-991B-4A45-89DB-BCDD9663D060}.Debug|Any CPU.ActiveCfg = Debug|Any CPU
		{023AEFC0-991B-4A45-89DB-BCDD9663D060}.Debug|Any CPU.Build.0 = Debug|Any CPU
		{023AEFC0-991B-4A45-89DB-BCDD9663D060}.Release|Any CPU.ActiveCfg = Release|Any CPU
		{023AEFC0-991B-4A45-89DB-BCDD9663D060}.Release|Any CPU.Build.0 = Release|Any CPU
		{E5D02CD2-3809-4CBF-97BF-3B911A12FB46}.Debug|Any CPU.ActiveCfg = Debug|Any CPU
		{E5D02CD2-3809-4CBF-97BF-3B911A12FB46}.Debug|Any CPU.Build.0 = Debug|Any CPU
		{E5D02CD2-3809-4CBF-97BF-3B911A12FB46}.Release|Any CPU.ActiveCfg = Release|Any CPU
		{E5D02CD2-3809-4CBF-97BF-3B911A12FB46}.Release|Any CPU.Build.0 = Release|Any CPU
		{CE5C2E1B-0F18-4EEC-9943-3E8AD5C49839}.Debug|Any CPU.ActiveCfg = Debug|Any CPU
		{CE5C2E1B-0F18-4EEC-9943-3E8AD5C49839}.Debug|Any CPU.Build.0 = Debug|Any CPU
		{CE5C2E1B-0F18-4EEC-9943-3E8AD5C49839}.Release|Any CPU.ActiveCfg = Release|Any CPU
		{CE5C2E1B-0F18-4EEC-9943-3E8AD5C49839}.Release|Any CPU.Build.0 = Release|Any CPU
		{80F2DF2B-8C71-4DF4-9663-C196C47F5817}.Debug|Any CPU.ActiveCfg = Debug|Any CPU
		{80F2DF2B-8C71-4DF4-9663-C196C47F5817}.Debug|Any CPU.Build.0 = Debug|Any CPU
		{80F2DF2B-8C71-4DF4-9663-C196C47F5817}.Release|Any CPU.ActiveCfg = Release|Any CPU
		{80F2DF2B-8C71-4DF4-9663-C196C47F5817}.Release|Any CPU.Build.0 = Release|Any CPU
		{EFDC8345-8F82-40FD-A53C-692B45A4E830}.Debug|Any CPU.ActiveCfg = Debug|Any CPU
		{EFDC8345-8F82-40FD-A53C-692B45A4E830}.Debug|Any CPU.Build.0 = Debug|Any CPU
		{EFDC8345-8F82-40FD-A53C-692B45A4E830}.Release|Any CPU.ActiveCfg = Release|Any CPU
		{EFDC8345-8F82-40FD-A53C-692B45A4E830}.Release|Any CPU.Build.0 = Release|Any CPU
		{B0B5001D-3677-4640-87CD-8DC506B49179}.Debug|Any CPU.ActiveCfg = Debug|Any CPU
		{B0B5001D-3677-4640-87CD-8DC506B49179}.Debug|Any CPU.Build.0 = Debug|Any CPU
		{B0B5001D-3677-4640-87CD-8DC506B49179}.Release|Any CPU.ActiveCfg = Release|Any CPU
		{B0B5001D-3677-4640-87CD-8DC506B49179}.Release|Any CPU.Build.0 = Release|Any CPU
		{82A8CCB2-72D1-4576-ADD4-90B2C4F18169}.Debug|Any CPU.ActiveCfg = Debug|Any CPU
		{82A8CCB2-72D1-4576-ADD4-90B2C4F18169}.Debug|Any CPU.Build.0 = Debug|Any CPU
		{82A8CCB2-72D1-4576-ADD4-90B2C4F18169}.Release|Any CPU.ActiveCfg = Release|Any CPU
		{82A8CCB2-72D1-4576-ADD4-90B2C4F18169}.Release|Any CPU.Build.0 = Release|Any CPU
		{5F866C78-0A99-4000-B719-34F0919092A3}.Debug|Any CPU.ActiveCfg = Debug|Any CPU
		{5F866C78-0A99-4000-B719-34F0919092A3}.Debug|Any CPU.Build.0 = Debug|Any CPU
		{5F866C78-0A99-4000-B719-34F0919092A3}.Release|Any CPU.ActiveCfg = Release|Any CPU
		{5F866C78-0A99-4000-B719-34F0919092A3}.Release|Any CPU.Build.0 = Release|Any CPU
		{3839B3EE-F877-4A74-B3AC-9B57A37613FB}.Debug|Any CPU.ActiveCfg = Debug|Any CPU
		{3839B3EE-F877-4A74-B3AC-9B57A37613FB}.Debug|Any CPU.Build.0 = Debug|Any CPU
		{3839B3EE-F877-4A74-B3AC-9B57A37613FB}.Release|Any CPU.ActiveCfg = Release|Any CPU
		{3839B3EE-F877-4A74-B3AC-9B57A37613FB}.Release|Any CPU.Build.0 = Release|Any CPU
		{8E7DF91E-7C88-400B-A03D-A2FFF2329DFA}.Debug|Any CPU.ActiveCfg = Debug|Any CPU
		{8E7DF91E-7C88-400B-A03D-A2FFF2329DFA}.Debug|Any CPU.Build.0 = Debug|Any CPU
		{8E7DF91E-7C88-400B-A03D-A2FFF2329DFA}.Release|Any CPU.ActiveCfg = Release|Any CPU
		{8E7DF91E-7C88-400B-A03D-A2FFF2329DFA}.Release|Any CPU.Build.0 = Release|Any CPU
	EndGlobalSection
	GlobalSection(SolutionProperties) = preSolution
		HideSolutionNode = FALSE
	EndGlobalSection
	GlobalSection(NestedProjects) = preSolution
		{F9B94050-75C6-4381-987A-391D2DB92C94} = {34F2C230-A854-4E2D-BA26-56C3184E9082}
		{DACCE17D-C572-4973-969C-1A8F2B5D923A} = {34F2C230-A854-4E2D-BA26-56C3184E9082}
		{390DBA64-0282-431B-999C-233FCD52D771} = {EA38A473-C5AC-4DEA-AF1F-CBF14FFF27EA}
		{023AEFC0-991B-4A45-89DB-BCDD9663D060} = {9197BCE0-7AF9-42ED-8CDC-FF34374322E6}
		{E5D02CD2-3809-4CBF-97BF-3B911A12FB46} = {47F2CEE7-1CD0-4E52-8646-E459A6EB204E}
		{CE5C2E1B-0F18-4EEC-9943-3E8AD5C49839} = {C2450D0C-B595-47F5-962E-D66FC7925000}
		{80F2DF2B-8C71-4DF4-9663-C196C47F5817} = {C2450D0C-B595-47F5-962E-D66FC7925000}
		{82A8CCB2-72D1-4576-ADD4-90B2C4F18169} = {EA38A473-C5AC-4DEA-AF1F-CBF14FFF27EA}
		{3839B3EE-F877-4A74-B3AC-9B57A37613FB} = {47F2CEE7-1CD0-4E52-8646-E459A6EB204E}
		{8E7DF91E-7C88-400B-A03D-A2FFF2329DFA} = {47F2CEE7-1CD0-4E52-8646-E459A6EB204E}
	EndGlobalSection
	GlobalSection(ExtensibilityGlobals) = postSolution
		SolutionGuid = {B86A60ED-3396-480C-A221-BE76C6024803}
	EndGlobalSection
EndGlobal
